
Microsoft Visual Studio Solution File, Format Version 12.00
# Visual Studio 15
VisualStudioVersion = 15.0.28307.329
MinimumVisualStudioVersion = 10.0.40219.1
Project("{FAE04EC0-301F-11D3-BF4B-00C04F79EFBC}") = "BCGSA.Lib", "BCGSA.Lib\BCGSA.Lib.csproj", "{55FDBDEB-913E-43AC-8BDE-24FF18242308}"
EndProject
Project("{FAE04EC0-301F-11D3-BF4B-00C04F79EFBC}") = "BCGSA.Android", "BCGSA.Android\BCGSA.Android.csproj", "{9ACAB417-40BE-4CEA-B912-15634C8DD3F7}"
EndProject
Project("{FAE04EC0-301F-11D3-BF4B-00C04F79EFBC}") = "TestBT", "TestBT\TestBT.csproj", "{5C5127FE-84C6-4AD9-A91A-EB5B52FAB82E}"
EndProject
Project("{FAE04EC0-301F-11D3-BF4B-00C04F79EFBC}") = "TestGameAPP", "TestGameAPP\TestGameAPP.csproj", "{09C8010F-B521-4D2C-8196-B324DDBBFD2C}"
EndProject
Global
	GlobalSection(SolutionConfigurationPlatforms) = preSolution
		Debug|Any CPU = Debug|Any CPU
		Debug|x86 = Debug|x86
		Release|Any CPU = Release|Any CPU
		Release|x86 = Release|x86
	EndGlobalSection
	GlobalSection(ProjectConfigurationPlatforms) = postSolution
		{55FDBDEB-913E-43AC-8BDE-24FF18242308}.Debug|Any CPU.ActiveCfg = Debug|Any CPU
		{55FDBDEB-913E-43AC-8BDE-24FF18242308}.Debug|Any CPU.Build.0 = Debug|Any CPU
		{55FDBDEB-913E-43AC-8BDE-24FF18242308}.Debug|x86.ActiveCfg = Debug|Any CPU
		{55FDBDEB-913E-43AC-8BDE-24FF18242308}.Debug|x86.Build.0 = Debug|Any CPU
		{55FDBDEB-913E-43AC-8BDE-24FF18242308}.Release|Any CPU.ActiveCfg = Release|Any CPU
		{55FDBDEB-913E-43AC-8BDE-24FF18242308}.Release|Any CPU.Build.0 = Release|Any CPU
		{55FDBDEB-913E-43AC-8BDE-24FF18242308}.Release|x86.ActiveCfg = Release|Any CPU
		{55FDBDEB-913E-43AC-8BDE-24FF18242308}.Release|x86.Build.0 = Release|Any CPU
		{9ACAB417-40BE-4CEA-B912-15634C8DD3F7}.Debug|Any CPU.ActiveCfg = Debug|Any CPU
		{9ACAB417-40BE-4CEA-B912-15634C8DD3F7}.Debug|Any CPU.Build.0 = Debug|Any CPU
		{9ACAB417-40BE-4CEA-B912-15634C8DD3F7}.Debug|Any CPU.Deploy.0 = Debug|Any CPU
		{9ACAB417-40BE-4CEA-B912-15634C8DD3F7}.Debug|x86.ActiveCfg = Debug|Any CPU
		{9ACAB417-40BE-4CEA-B912-15634C8DD3F7}.Debug|x86.Build.0 = Debug|Any CPU
		{9ACAB417-40BE-4CEA-B912-15634C8DD3F7}.Debug|x86.Deploy.0 = Debug|Any CPU
		{9ACAB417-40BE-4CEA-B912-15634C8DD3F7}.Release|Any CPU.ActiveCfg = Release|Any CPU
		{9ACAB417-40BE-4CEA-B912-15634C8DD3F7}.Release|Any CPU.Build.0 = Release|Any CPU
		{9ACAB417-40BE-4CEA-B912-15634C8DD3F7}.Release|Any CPU.Deploy.0 = Release|Any CPU
		{9ACAB417-40BE-4CEA-B912-15634C8DD3F7}.Release|x86.ActiveCfg = Release|Any CPU
		{9ACAB417-40BE-4CEA-B912-15634C8DD3F7}.Release|x86.Build.0 = Release|Any CPU
		{9ACAB417-40BE-4CEA-B912-15634C8DD3F7}.Release|x86.Deploy.0 = Release|Any CPU
		{5C5127FE-84C6-4AD9-A91A-EB5B52FAB82E}.Debug|Any CPU.ActiveCfg = Debug|Any CPU
		{5C5127FE-84C6-4AD9-A91A-EB5B52FAB82E}.Debug|Any CPU.Build.0 = Debug|Any CPU
		{5C5127FE-84C6-4AD9-A91A-EB5B52FAB82E}.Debug|x86.ActiveCfg = Debug|Any CPU
		{5C5127FE-84C6-4AD9-A91A-EB5B52FAB82E}.Debug|x86.Build.0 = Debug|Any CPU
		{5C5127FE-84C6-4AD9-A91A-EB5B52FAB82E}.Release|Any CPU.ActiveCfg = Release|Any CPU
		{5C5127FE-84C6-4AD9-A91A-EB5B52FAB82E}.Release|Any CPU.Build.0 = Release|Any CPU
		{5C5127FE-84C6-4AD9-A91A-EB5B52FAB82E}.Release|x86.ActiveCfg = Release|Any CPU
		{5C5127FE-84C6-4AD9-A91A-EB5B52FAB82E}.Release|x86.Build.0 = Release|Any CPU
		{09C8010F-B521-4D2C-8196-B324DDBBFD2C}.Debug|Any CPU.ActiveCfg = Debug|x86
		{09C8010F-B521-4D2C-8196-B324DDBBFD2C}.Debug|x86.ActiveCfg = Debug|x86
		{09C8010F-B521-4D2C-8196-B324DDBBFD2C}.Debug|x86.Build.0 = Debug|x86
		{09C8010F-B521-4D2C-8196-B324DDBBFD2C}.Release|Any CPU.ActiveCfg = Release|x86
		{09C8010F-B521-4D2C-8196-B324DDBBFD2C}.Release|x86.ActiveCfg = Release|x86
		{09C8010F-B521-4D2C-8196-B324DDBBFD2C}.Release|x86.Build.0 = Release|x86
	EndGlobalSection
	GlobalSection(SolutionProperties) = preSolution
		HideSolutionNode = FALSE
	EndGlobalSection
	GlobalSection(ExtensibilityGlobals) = postSolution
		SolutionGuid = {290BA506-CC59-4E09-87A0-89916CE26398}
	EndGlobalSection
EndGlobal
